
Microsoft Visual Studio Solution File, Format Version 12.00
# Visual Studio Version 17
VisualStudioVersion = 17.9.34728.123
MinimumVisualStudioVersion = 10.0.40219.1
Project("{9A19103F-16F7-4668-BE54-9A1E7A4F7556}") = "PlannerClosedXML", "PlannerClosedXML\PlannerClosedXML.csproj", "{B47C3442-B20C-4F84-8DD9-5E379C976023}"
EndProject
Global
	GlobalSection(SolutionConfigurationPlatforms) = preSolution
		Debug|Any CPU = Debug|Any CPU
		Release|Any CPU = Release|Any CPU
	EndGlobalSection
	GlobalSection(ProjectConfigurationPlatforms) = postSolution
		{B47C3442-B20C-4F84-8DD9-5E379C976023}.Debug|Any CPU.ActiveCfg = Debug|Any CPU
		{B47C3442-B20C-4F84-8DD9-5E379C976023}.Debug|Any CPU.Build.0 = Debug|Any CPU
		{B47C3442-B20C-4F84-8DD9-5E379C976023}.Release|Any CPU.ActiveCfg = Release|Any CPU
		{B47C3442-B20C-4F84-8DD9-5E379C976023}.Release|Any CPU.Build.0 = Release|Any CPU
	EndGlobalSection
	GlobalSection(SolutionProperties) = preSolution
		HideSolutionNode = FALSE
	EndGlobalSection
	GlobalSection(ExtensibilityGlobals) = postSolution
		SolutionGuid = {B6FD9DDC-FB03-4290-91F7-6CD55002ABD4}
	EndGlobalSection
EndGlobal
